// !$*UTF8*$!
{
	archiveVersion = 1;
	classes = {
	};
	objectVersion = 77;
	objects = {

/* Begin PBXBuildFile section */
		C2A5520A2D2FA19A00B6507F /* Search Enhancer Extension.appex in Embed Foundation Extensions */ = {isa = PBXBuildFile; fileRef = C2A552092D2FA19A00B6507F /* Search Enhancer Extension.appex */; settings = {ATTRIBUTES = (RemoveHeadersOnCopy, ); }; };
		C2A552142D2FA19A00B6507F /* Search Enhancer Extension.appex in Embed Foundation Extensions */ = {isa = PBXBuildFile; fileRef = C2A552132D2FA19A00B6507F /* Search Enhancer Extension.appex */; settings = {ATTRIBUTES = (RemoveHeadersOnCopy, ); }; };
/* End PBXBuildFile section */

/* Begin PBXContainerItemProxy section */
		C2A5520B2D2FA19A00B6507F /* PBXContainerItemProxy */ = {
			isa = PBXContainerItemProxy;
			containerPortal = C2A551CF2D2FA19900B6507F /* Project object */;
			proxyType = 1;
			remoteGlobalIDString = C2A552082D2FA19A00B6507F;
			remoteInfo = "Search Enhancer Extension (iOS)";
		};
		C2A552152D2FA19A00B6507F /* PBXContainerItemProxy */ = {
			isa = PBXContainerItemProxy;
			containerPortal = C2A551CF2D2FA19900B6507F /* Project object */;
			proxyType = 1;
			remoteGlobalIDString = C2A552122D2FA19A00B6507F;
			remoteInfo = "Search Enhancer Extension (macOS)";
		};
/* End PBXContainerItemProxy section */

/* Begin PBXCopyFilesBuildPhase section */
		C2A5523D2D2FA19A00B6507F /* Embed Foundation Extensions */ = {
			isa = PBXCopyFilesBuildPhase;
			buildActionMask = 2147483647;
			dstPath = "";
			dstSubfolderSpec = 13;
			files = (
				C2A5520A2D2FA19A00B6507F /* Search Enhancer Extension.appex in Embed Foundation Extensions */,
			);
			name = "Embed Foundation Extensions";
			runOnlyForDeploymentPostprocessing = 0;
		};
		C2A552472D2FA19A00B6507F /* Embed Foundation Extensions */ = {
			isa = PBXCopyFilesBuildPhase;
			buildActionMask = 2147483647;
			dstPath = "";
			dstSubfolderSpec = 13;
			files = (
				C2A552142D2FA19A00B6507F /* Search Enhancer Extension.appex in Embed Foundation Extensions */,
			);
			name = "Embed Foundation Extensions";
			runOnlyForDeploymentPostprocessing = 0;
		};
/* End PBXCopyFilesBuildPhase section */

/* Begin PBXFileReference section */
		C2A551EB2D2FA19A00B6507F /* Search Enhancer.app */ = {isa = PBXFileReference; explicitFileType = wrapper.application; includeInIndex = 0; path = "Search Enhancer.app"; sourceTree = BUILT_PRODUCTS_DIR; };
		C2A551FD2D2FA19A00B6507F /* Search Enhancer.app */ = {isa = PBXFileReference; explicitFileType = wrapper.application; includeInIndex = 0; path = "Search Enhancer.app"; sourceTree = BUILT_PRODUCTS_DIR; };
		C2A552092D2FA19A00B6507F /* Search Enhancer Extension.appex */ = {isa = PBXFileReference; explicitFileType = "wrapper.app-extension"; includeInIndex = 0; path = "Search Enhancer Extension.appex"; sourceTree = BUILT_PRODUCTS_DIR; };
		C2A552132D2FA19A00B6507F /* Search Enhancer Extension.appex */ = {isa = PBXFileReference; explicitFileType = "wrapper.app-extension"; includeInIndex = 0; path = "Search Enhancer Extension.appex"; sourceTree = BUILT_PRODUCTS_DIR; };
/* End PBXFileReference section */

/* Begin PBXFileSystemSynchronizedBuildFileExceptionSet section */
		C2A552382D2FA19A00B6507F /* Exceptions for "Shared (App)" folder in "Search Enhancer (iOS)" target */ = {
			isa = PBXFileSystemSynchronizedBuildFileExceptionSet;
			membershipExceptions = (
				"/Localized: Resources/Main.html",
				Assets.xcassets,
				Resources/Icon.png,
				Resources/Script.js,
				Resources/Style.css,
				ViewController.swift,
			);
			target = C2A551EA2D2FA19A00B6507F /* Search Enhancer (iOS) */;
		};
		C2A5523C2D2FA19A00B6507F /* Exceptions for "iOS (Extension)" folder in "Search Enhancer Extension (iOS)" target */ = {
			isa = PBXFileSystemSynchronizedBuildFileExceptionSet;
			membershipExceptions = (
				Info.plist,
			);
			target = C2A552082D2FA19A00B6507F /* Search Enhancer Extension (iOS) */;
		};
		C2A552412D2FA19A00B6507F /* Exceptions for "iOS (App)" folder in "Search Enhancer (iOS)" target */ = {
			isa = PBXFileSystemSynchronizedBuildFileExceptionSet;
			membershipExceptions = (
				Info.plist,
			);
			target = C2A551EA2D2FA19A00B6507F /* Search Enhancer (iOS) */;
		};
		C2A552422D2FA19A00B6507F /* Exceptions for "Shared (App)" folder in "Search Enhancer (macOS)" target */ = {
			isa = PBXFileSystemSynchronizedBuildFileExceptionSet;
			membershipExceptions = (
				"/Localized: Resources/Main.html",
				Assets.xcassets,
				Resources/Icon.png,
				Resources/Script.js,
				Resources/Style.css,
				ViewController.swift,
			);
			target = C2A551FC2D2FA19A00B6507F /* Search Enhancer (macOS) */;
		};
		C2A552462D2FA19A00B6507F /* Exceptions for "macOS (Extension)" folder in "Search Enhancer Extension (macOS)" target */ = {
			isa = PBXFileSystemSynchronizedBuildFileExceptionSet;
			membershipExceptions = (
				Info.plist,
			);
			target = C2A552122D2FA19A00B6507F /* Search Enhancer Extension (macOS) */;
		};
		C2A5524B2D2FA19A00B6507F /* Exceptions for "Shared (Extension)" folder in "Search Enhancer Extension (iOS)" target */ = {
			isa = PBXFileSystemSynchronizedBuildFileExceptionSet;
			membershipExceptions = (
				Resources/_locales,
				Resources/background.js,
				Resources/content.js,
				Resources/images,
				Resources/manifest.json,
				Resources/popup.css,
				Resources/popup.html,
				Resources/popup.js,
				SafariWebExtensionHandler.swift,
			);
			target = C2A552082D2FA19A00B6507F /* Search Enhancer Extension (iOS) */;
		};
		C2A5524C2D2FA19A00B6507F /* Exceptions for "Shared (Extension)" folder in "Search Enhancer Extension (macOS)" target */ = {
			isa = PBXFileSystemSynchronizedBuildFileExceptionSet;
			membershipExceptions = (
				Resources/_locales,
				Resources/background.js,
				Resources/content.js,
				Resources/images,
				Resources/manifest.json,
				Resources/popup.css,
				Resources/popup.html,
				Resources/popup.js,
				SafariWebExtensionHandler.swift,
			);
			target = C2A552122D2FA19A00B6507F /* Search Enhancer Extension (macOS) */;
		};
/* End PBXFileSystemSynchronizedBuildFileExceptionSet section */

/* Begin PBXFileSystemSynchronizedRootGroup section */
		C2A551D32D2FA19900B6507F /* Shared (App) */ = {
			isa = PBXFileSystemSynchronizedRootGroup;
			exceptions = (
				C2A552382D2FA19A00B6507F /* Exceptions for "Shared (App)" folder in "Search Enhancer (iOS)" target */,
				C2A552422D2FA19A00B6507F /* Exceptions for "Shared (App)" folder in "Search Enhancer (macOS)" target */,
			);
			path = "Shared (App)";
			sourceTree = "<group>";
		};
		C2A551DC2D2FA19A00B6507F /* Shared (Extension) */ = {
			isa = PBXFileSystemSynchronizedRootGroup;
			exceptions = (
				C2A5524B2D2FA19A00B6507F /* Exceptions for "Shared (Extension)" folder in "Search Enhancer Extension (iOS)" target */,
				C2A5524C2D2FA19A00B6507F /* Exceptions for "Shared (Extension)" folder in "Search Enhancer Extension (macOS)" target */,
			);
			explicitFolders = (
				Resources/_locales,
				Resources/images,
			);
			path = "Shared (Extension)";
			sourceTree = "<group>";
		};
		C2A551ED2D2FA19A00B6507F /* iOS (App) */ = {
			isa = PBXFileSystemSynchronizedRootGroup;
			exceptions = (
				C2A552412D2FA19A00B6507F /* Exceptions for "iOS (App)" folder in "Search Enhancer (iOS)" target */,
			);
			path = "iOS (App)";
			sourceTree = "<group>";
		};
		C2A551FE2D2FA19A00B6507F /* macOS (App) */ = {
			isa = PBXFileSystemSynchronizedRootGroup;
			path = "macOS (App)";
			sourceTree = "<group>";
		};
		C2A5520D2D2FA19A00B6507F /* iOS (Extension) */ = {
			isa = PBXFileSystemSynchronizedRootGroup;
			exceptions = (
				C2A5523C2D2FA19A00B6507F /* Exceptions for "iOS (Extension)" folder in "Search Enhancer Extension (iOS)" target */,
			);
			path = "iOS (Extension)";
			sourceTree = "<group>";
		};
		C2A552172D2FA19A00B6507F /* macOS (Extension) */ = {
			isa = PBXFileSystemSynchronizedRootGroup;
			exceptions = (
				C2A552462D2FA19A00B6507F /* Exceptions for "macOS (Extension)" folder in "Search Enhancer Extension (macOS)" target */,
			);
			path = "macOS (Extension)";
			sourceTree = "<group>";
		};
/* End PBXFileSystemSynchronizedRootGroup section */

/* Begin PBXFrameworksBuildPhase section */
		C2A551E82D2FA19A00B6507F /* Frameworks */ = {
			isa = PBXFrameworksBuildPhase;
			buildActionMask = 2147483647;
			files = (
			);
			runOnlyForDeploymentPostprocessing = 0;
		};
		C2A551FA2D2FA19A00B6507F /* Frameworks */ = {
			isa = PBXFrameworksBuildPhase;
			buildActionMask = 2147483647;
			files = (
			);
			runOnlyForDeploymentPostprocessing = 0;
		};
		C2A552062D2FA19A00B6507F /* Frameworks */ = {
			isa = PBXFrameworksBuildPhase;
			buildActionMask = 2147483647;
			files = (
			);
			runOnlyForDeploymentPostprocessing = 0;
		};
		C2A552102D2FA19A00B6507F /* Frameworks */ = {
			isa = PBXFrameworksBuildPhase;
			buildActionMask = 2147483647;
			files = (
			);
			runOnlyForDeploymentPostprocessing = 0;
		};
/* End PBXFrameworksBuildPhase section */

/* Begin PBXGroup section */
		C2A551CE2D2FA19900B6507F = {
			isa = PBXGroup;
			children = (
				C2A551D32D2FA19900B6507F /* Shared (App) */,
				C2A551DC2D2FA19A00B6507F /* Shared (Extension) */,
				C2A551ED2D2FA19A00B6507F /* iOS (App) */,
				C2A551FE2D2FA19A00B6507F /* macOS (App) */,
				C2A5520D2D2FA19A00B6507F /* iOS (Extension) */,
				C2A552172D2FA19A00B6507F /* macOS (Extension) */,
				C2A551EC2D2FA19A00B6507F /* Products */,
			);
			sourceTree = "<group>";
		};
		C2A551EC2D2FA19A00B6507F /* Products */ = {
			isa = PBXGroup;
			children = (
				C2A551EB2D2FA19A00B6507F /* Search Enhancer.app */,
				C2A551FD2D2FA19A00B6507F /* Search Enhancer.app */,
				C2A552092D2FA19A00B6507F /* Search Enhancer Extension.appex */,
				C2A552132D2FA19A00B6507F /* Search Enhancer Extension.appex */,
			);
			name = Products;
			sourceTree = "<group>";
		};
/* End PBXGroup section */

/* Begin PBXNativeTarget section */
		C2A551EA2D2FA19A00B6507F /* Search Enhancer (iOS) */ = {
			isa = PBXNativeTarget;
			buildConfigurationList = C2A5523E2D2FA19A00B6507F /* Build configuration list for PBXNativeTarget "Search Enhancer (iOS)" */;
			buildPhases = (
				C2A551E72D2FA19A00B6507F /* Sources */,
				C2A551E82D2FA19A00B6507F /* Frameworks */,
				C2A551E92D2FA19A00B6507F /* Resources */,
				C2A5523D2D2FA19A00B6507F /* Embed Foundation Extensions */,
			);
			buildRules = (
			);
			dependencies = (
				C2A5520C2D2FA19A00B6507F /* PBXTargetDependency */,
			);
			fileSystemSynchronizedGroups = (
				C2A551ED2D2FA19A00B6507F /* iOS (App) */,
			);
			name = "Search Enhancer (iOS)";
			packageProductDependencies = (
			);
			productName = "Search Enhancer (iOS)";
			productReference = C2A551EB2D2FA19A00B6507F /* Search Enhancer.app */;
			productType = "com.apple.product-type.application";
		};
		C2A551FC2D2FA19A00B6507F /* Search Enhancer (macOS) */ = {
			isa = PBXNativeTarget;
			buildConfigurationList = C2A552482D2FA19A00B6507F /* Build configuration list for PBXNativeTarget "Search Enhancer (macOS)" */;
			buildPhases = (
				C2A551F92D2FA19A00B6507F /* Sources */,
				C2A551FA2D2FA19A00B6507F /* Frameworks */,
				C2A551FB2D2FA19A00B6507F /* Resources */,
				C2A552472D2FA19A00B6507F /* Embed Foundation Extensions */,
			);
			buildRules = (
			);
			dependencies = (
				C2A552162D2FA19A00B6507F /* PBXTargetDependency */,
			);
			fileSystemSynchronizedGroups = (
				C2A551FE2D2FA19A00B6507F /* macOS (App) */,
			);
			name = "Search Enhancer (macOS)";
			packageProductDependencies = (
			);
			productName = "Search Enhancer (macOS)";
			productReference = C2A551FD2D2FA19A00B6507F /* Search Enhancer.app */;
			productType = "com.apple.product-type.application";
		};
		C2A552082D2FA19A00B6507F /* Search Enhancer Extension (iOS) */ = {
			isa = PBXNativeTarget;
			buildConfigurationList = C2A552392D2FA19A00B6507F /* Build configuration list for PBXNativeTarget "Search Enhancer Extension (iOS)" */;
			buildPhases = (
				C2A552052D2FA19A00B6507F /* Sources */,
				C2A552062D2FA19A00B6507F /* Frameworks */,
				C2A552072D2FA19A00B6507F /* Resources */,
			);
			buildRules = (
			);
			dependencies = (
			);
			fileSystemSynchronizedGroups = (
				C2A5520D2D2FA19A00B6507F /* iOS (Extension) */,
			);
			name = "Search Enhancer Extension (iOS)";
			packageProductDependencies = (
			);
			productName = "Search Enhancer Extension (iOS)";
			productReference = C2A552092D2FA19A00B6507F /* Search Enhancer Extension.appex */;
			productType = "com.apple.product-type.app-extension";
		};
		C2A552122D2FA19A00B6507F /* Search Enhancer Extension (macOS) */ = {
			isa = PBXNativeTarget;
			buildConfigurationList = C2A552432D2FA19A00B6507F /* Build configuration list for PBXNativeTarget "Search Enhancer Extension (macOS)" */;
			buildPhases = (
				C2A5520F2D2FA19A00B6507F /* Sources */,
				C2A552102D2FA19A00B6507F /* Frameworks */,
				C2A552112D2FA19A00B6507F /* Resources */,
			);
			buildRules = (
			);
			dependencies = (
			);
			fileSystemSynchronizedGroups = (
				C2A552172D2FA19A00B6507F /* macOS (Extension) */,
			);
			name = "Search Enhancer Extension (macOS)";
			packageProductDependencies = (
			);
			productName = "Search Enhancer Extension (macOS)";
			productReference = C2A552132D2FA19A00B6507F /* Search Enhancer Extension.appex */;
			productType = "com.apple.product-type.app-extension";
		};
/* End PBXNativeTarget section */

/* Begin PBXProject section */
		C2A551CF2D2FA19900B6507F /* Project object */ = {
			isa = PBXProject;
			attributes = {
				BuildIndependentTargetsInParallel = 1;
				LastSwiftUpdateCheck = 1620;
				LastUpgradeCheck = 1620;
				TargetAttributes = {
					C2A551EA2D2FA19A00B6507F = {
						CreatedOnToolsVersion = 16.2;
					};
					C2A551FC2D2FA19A00B6507F = {
						CreatedOnToolsVersion = 16.2;
					};
					C2A552082D2FA19A00B6507F = {
						CreatedOnToolsVersion = 16.2;
					};
					C2A552122D2FA19A00B6507F = {
						CreatedOnToolsVersion = 16.2;
					};
				};
			};
			buildConfigurationList = C2A551D22D2FA19900B6507F /* Build configuration list for PBXProject "Search Enhancer" */;
			developmentRegion = en;
			hasScannedForEncodings = 0;
			knownRegions = (
				en,
				Base,
			);
			mainGroup = C2A551CE2D2FA19900B6507F;
			minimizedProjectReferenceProxies = 1;
			preferredProjectObjectVersion = 77;
			productRefGroup = C2A551EC2D2FA19A00B6507F /* Products */;
			projectDirPath = "";
			projectRoot = "";
			targets = (
				C2A551EA2D2FA19A00B6507F /* Search Enhancer (iOS) */,
				C2A551FC2D2FA19A00B6507F /* Search Enhancer (macOS) */,
				C2A552082D2FA19A00B6507F /* Search Enhancer Extension (iOS) */,
				C2A552122D2FA19A00B6507F /* Search Enhancer Extension (macOS) */,
			);
		};
/* End PBXProject section */

/* Begin PBXResourcesBuildPhase section */
		C2A551E92D2FA19A00B6507F /* Resources */ = {
			isa = PBXResourcesBuildPhase;
			buildActionMask = 2147483647;
			files = (
			);
			runOnlyForDeploymentPostprocessing = 0;
		};
		C2A551FB2D2FA19A00B6507F /* Resources */ = {
			isa = PBXResourcesBuildPhase;
			buildActionMask = 2147483647;
			files = (
			);
			runOnlyForDeploymentPostprocessing = 0;
		};
		C2A552072D2FA19A00B6507F /* Resources */ = {
			isa = PBXResourcesBuildPhase;
			buildActionMask = 2147483647;
			files = (
			);
			runOnlyForDeploymentPostprocessing = 0;
		};
		C2A552112D2FA19A00B6507F /* Resources */ = {
			isa = PBXResourcesBuildPhase;
			buildActionMask = 2147483647;
			files = (
			);
			runOnlyForDeploymentPostprocessing = 0;
		};
/* End PBXResourcesBuildPhase section */

/* Begin PBXSourcesBuildPhase section */
		C2A551E72D2FA19A00B6507F /* Sources */ = {
			isa = PBXSourcesBuildPhase;
			buildActionMask = 2147483647;
			files = (
			);
			runOnlyForDeploymentPostprocessing = 0;
		};
		C2A551F92D2FA19A00B6507F /* Sources */ = {
			isa = PBXSourcesBuildPhase;
			buildActionMask = 2147483647;
			files = (
			);
			runOnlyForDeploymentPostprocessing = 0;
		};
		C2A552052D2FA19A00B6507F /* Sources */ = {
			isa = PBXSourcesBuildPhase;
			buildActionMask = 2147483647;
			files = (
			);
			runOnlyForDeploymentPostprocessing = 0;
		};
		C2A5520F2D2FA19A00B6507F /* Sources */ = {
			isa = PBXSourcesBuildPhase;
			buildActionMask = 2147483647;
			files = (
			);
			runOnlyForDeploymentPostprocessing = 0;
		};
/* End PBXSourcesBuildPhase section */

/* Begin PBXTargetDependency section */
		C2A5520C2D2FA19A00B6507F /* PBXTargetDependency */ = {
			isa = PBXTargetDependency;
			target = C2A552082D2FA19A00B6507F /* Search Enhancer Extension (iOS) */;
			targetProxy = C2A5520B2D2FA19A00B6507F /* PBXContainerItemProxy */;
		};
		C2A552162D2FA19A00B6507F /* PBXTargetDependency */ = {
			isa = PBXTargetDependency;
			target = C2A552122D2FA19A00B6507F /* Search Enhancer Extension (macOS) */;
			targetProxy = C2A552152D2FA19A00B6507F /* PBXContainerItemProxy */;
		};
/* End PBXTargetDependency section */

/* Begin XCBuildConfiguration section */
		C2A5523A2D2FA19A00B6507F /* Debug */ = {
			isa = XCBuildConfiguration;
			buildSettings = {
				CODE_SIGN_STYLE = Automatic;
				CURRENT_PROJECT_VERSION = 1;
				DEVELOPMENT_TEAM = 8N4M7PA2K3;
				GENERATE_INFOPLIST_FILE = YES;
				INFOPLIST_FILE = "iOS (Extension)/Info.plist";
				INFOPLIST_KEY_CFBundleDisplayName = "Search Enhancer Extension";
				INFOPLIST_KEY_NSHumanReadableCopyright = "";
				IPHONEOS_DEPLOYMENT_TARGET = 15.0;
				LD_RUNPATH_SEARCH_PATHS = (
					"$(inherited)",
					"@executable_path/Frameworks",
					"@executable_path/../../Frameworks",
				);
				MARKETING_VERSION = 1.0;
				OTHER_LDFLAGS = (
					"-framework",
					SafariServices,
				);
				PRODUCT_BUNDLE_IDENTIFIER = "com.xxy.Search-Enhancer.Extension";
				PRODUCT_NAME = "Search Enhancer Extension";
				SDKROOT = iphoneos;
				SKIP_INSTALL = YES;
				SWIFT_EMIT_LOC_STRINGS = YES;
				SWIFT_VERSION = 5.0;
				TARGETED_DEVICE_FAMILY = "1,2";
			};
			name = Debug;
		};
		C2A5523B2D2FA19A00B6507F /* Release */ = {
			isa = XCBuildConfiguration;
			buildSettings = {
				CODE_SIGN_STYLE = Automatic;
				CURRENT_PROJECT_VERSION = 1;
				DEVELOPMENT_TEAM = 8N4M7PA2K3;
				GENERATE_INFOPLIST_FILE = YES;
				INFOPLIST_FILE = "iOS (Extension)/Info.plist";
				INFOPLIST_KEY_CFBundleDisplayName = "Search Enhancer Extension";
				INFOPLIST_KEY_NSHumanReadableCopyright = "";
				IPHONEOS_DEPLOYMENT_TARGET = 15.0;
				LD_RUNPATH_SEARCH_PATHS = (
					"$(inherited)",
					"@executable_path/Frameworks",
					"@executable_path/../../Frameworks",
				);
				MARKETING_VERSION = 1.0;
				OTHER_LDFLAGS = (
					"-framework",
					SafariServices,
				);
				PRODUCT_BUNDLE_IDENTIFIER = "com.xxy.Search-Enhancer.Extension";
				PRODUCT_NAME = "Search Enhancer Extension";
				SDKROOT = iphoneos;
				SKIP_INSTALL = YES;
				SWIFT_EMIT_LOC_STRINGS = YES;
				SWIFT_VERSION = 5.0;
				TARGETED_DEVICE_FAMILY = "1,2";
				VALIDATE_PRODUCT = YES;
			};
			name = Release;
		};
		C2A5523F2D2FA19A00B6507F /* Debug */ = {
			isa = XCBuildConfiguration;
			buildSettings = {
				ASSETCATALOG_COMPILER_APPICON_NAME = AppIcon;
				ASSETCATALOG_COMPILER_GLOBAL_ACCENT_COLOR_NAME = AccentColor;
				CODE_SIGN_STYLE = Automatic;
				CURRENT_PROJECT_VERSION = 1;
				DEVELOPMENT_TEAM = 8N4M7PA2K3;
				GENERATE_INFOPLIST_FILE = YES;
				INFOPLIST_FILE = "iOS (App)/Info.plist";
				INFOPLIST_KEY_CFBundleDisplayName = "Search Enhancer";
				INFOPLIST_KEY_UIApplicationSupportsIndirectInputEvents = YES;
				INFOPLIST_KEY_UILaunchStoryboardName = LaunchScreen;
				INFOPLIST_KEY_UIMainStoryboardFile = Main;
				INFOPLIST_KEY_UISupportedInterfaceOrientations = "UIInterfaceOrientationPortrait UIInterfaceOrientationLandscapeLeft UIInterfaceOrientationLandscapeRight";
				INFOPLIST_KEY_UISupportedInterfaceOrientations_iPad = "UIInterfaceOrientationPortrait UIInterfaceOrientationPortraitUpsideDown UIInterfaceOrientationLandscapeLeft UIInterfaceOrientationLandscapeRight";
				IPHONEOS_DEPLOYMENT_TARGET = 15.0;
				LD_RUNPATH_SEARCH_PATHS = (
					"$(inherited)",
					"@executable_path/Frameworks",
				);
				MARKETING_VERSION = 1.0;
				OTHER_LDFLAGS = (
					"-framework",
					SafariServices,
					"-framework",
					WebKit,
				);
				PRODUCT_BUNDLE_IDENTIFIER = "com.xxy.Search-Enhancer";
				PRODUCT_NAME = "Search Enhancer";
				SDKROOT = iphoneos;
				SWIFT_EMIT_LOC_STRINGS = YES;
				SWIFT_VERSION = 5.0;
				TARGETED_DEVICE_FAMILY = "1,2";
			};
			name = Debug;
		};
		C2A552402D2FA19A00B6507F /* Release */ = {
			isa = XCBuildConfiguration;
			buildSettings = {
				ASSETCATALOG_COMPILER_APPICON_NAME = AppIcon;
				ASSETCATALOG_COMPILER_GLOBAL_ACCENT_COLOR_NAME = AccentColor;
				CODE_SIGN_STYLE = Automatic;
				CURRENT_PROJECT_VERSION = 1;
				DEVELOPMENT_TEAM = 8N4M7PA2K3;
				GENERATE_INFOPLIST_FILE = YES;
				INFOPLIST_FILE = "iOS (App)/Info.plist";
				INFOPLIST_KEY_CFBundleDisplayName = "Search Enhancer";
				INFOPLIST_KEY_UIApplicationSupportsIndirectInputEvents = YES;
				INFOPLIST_KEY_UILaunchStoryboardName = LaunchScreen;
				INFOPLIST_KEY_UIMainStoryboardFile = Main;
				INFOPLIST_KEY_UISupportedInterfaceOrientations = "UIInterfaceOrientationPortrait UIInterfaceOrientationLandscapeLeft UIInterfaceOrientationLandscapeRight";
				INFOPLIST_KEY_UISupportedInterfaceOrientations_iPad = "UIInterfaceOrientationPortrait UIInterfaceOrientationPortraitUpsideDown UIInterfaceOrientationLandscapeLeft UIInterfaceOrientationLandscapeRight";
				IPHONEOS_DEPLOYMENT_TARGET = 15.0;
				LD_RUNPATH_SEARCH_PATHS = (
					"$(inherited)",
					"@executable_path/Frameworks",
				);
				MARKETING_VERSION = 1.0;
				OTHER_LDFLAGS = (
					"-framework",
					SafariServices,
					"-framework",
					WebKit,
				);
				PRODUCT_BUNDLE_IDENTIFIER = "com.xxy.Search-Enhancer";
				PRODUCT_NAME = "Search Enhancer";
				SDKROOT = iphoneos;
				SWIFT_EMIT_LOC_STRINGS = YES;
				SWIFT_VERSION = 5.0;
				TARGETED_DEVICE_FAMILY = "1,2";
				VALIDATE_PRODUCT = YES;
			};
			name = Release;
		};
		C2A552442D2FA19A00B6507F /* Debug */ = {
			isa = XCBuildConfiguration;
			buildSettings = {
				CODE_SIGN_ENTITLEMENTS = "macOS (Extension)/Search Enhancer.entitlements";
				CODE_SIGN_STYLE = Automatic;
				CURRENT_PROJECT_VERSION = 1;
				DEVELOPMENT_TEAM = 8N4M7PA2K3;
				ENABLE_HARDENED_RUNTIME = YES;
				GENERATE_INFOPLIST_FILE = YES;
				INFOPLIST_FILE = "macOS (Extension)/Info.plist";
				INFOPLIST_KEY_CFBundleDisplayName = "Search Enhancer Extension";
				INFOPLIST_KEY_NSHumanReadableCopyright = "";
				LD_RUNPATH_SEARCH_PATHS = (
					"$(inherited)",
					"@executable_path/../Frameworks",
					"@executable_path/../../../../Frameworks",
				);
				MACOSX_DEPLOYMENT_TARGET = 10.14;
				MARKETING_VERSION = 1.0;
				OTHER_LDFLAGS = (
					"-framework",
					SafariServices,
				);
				PRODUCT_BUNDLE_IDENTIFIER = "com.xxy.Search-Enhancer.Extension";
				PRODUCT_NAME = "Search Enhancer Extension";
				SDKROOT = macosx;
				SKIP_INSTALL = YES;
				SWIFT_EMIT_LOC_STRINGS = YES;
				SWIFT_VERSION = 5.0;
			};
			name = Debug;
		};
		C2A552452D2FA19A00B6507F /* Release */ = {
			isa = XCBuildConfiguration;
			buildSettings = {
				CODE_SIGN_ENTITLEMENTS = "macOS (Extension)/Search Enhancer.entitlements";
				CODE_SIGN_STYLE = Automatic;
				CURRENT_PROJECT_VERSION = 1;
				DEVELOPMENT_TEAM = 8N4M7PA2K3;
				ENABLE_HARDENED_RUNTIME = YES;
				GENERATE_INFOPLIST_FILE = YES;
				INFOPLIST_FILE = "macOS (Extension)/Info.plist";
				INFOPLIST_KEY_CFBundleDisplayName = "Search Enhancer Extension";
				INFOPLIST_KEY_NSHumanReadableCopyright = "";
				LD_RUNPATH_SEARCH_PATHS = (
					"$(inherited)",
					"@executable_path/../Frameworks",
					"@executable_path/../../../../Frameworks",
				);
				MACOSX_DEPLOYMENT_TARGET = 10.14;
				MARKETING_VERSION = 1.0;
				OTHER_LDFLAGS = (
					"-framework",
					SafariServices,
				);
				PRODUCT_BUNDLE_IDENTIFIER = "com.xxy.Search-Enhancer.Extension";
				PRODUCT_NAME = "Search Enhancer Extension";
				SDKROOT = macosx;
				SKIP_INSTALL = YES;
				SWIFT_EMIT_LOC_STRINGS = YES;
				SWIFT_VERSION = 5.0;
			};
			name = Release;
		};
		C2A552492D2FA19A00B6507F /* Debug */ = {
			isa = XCBuildConfiguration;
			buildSettings = {
				ASSETCATALOG_COMPILER_APPICON_NAME = AppIcon;
				ASSETCATALOG_COMPILER_GLOBAL_ACCENT_COLOR_NAME = AccentColor;
				CODE_SIGN_ENTITLEMENTS = "macOS (App)/Search Enhancer.entitlements";
				CODE_SIGN_STYLE = Automatic;
				CURRENT_PROJECT_VERSION = 1;
				DEVELOPMENT_TEAM = 8N4M7PA2K3;
				ENABLE_HARDENED_RUNTIME = YES;
				GENERATE_INFOPLIST_FILE = YES;
				INFOPLIST_KEY_CFBundleDisplayName = "Search Enhancer";
				INFOPLIST_KEY_NSMainStoryboardFile = Main;
				INFOPLIST_KEY_NSPrincipalClass = NSApplication;
				LD_RUNPATH_SEARCH_PATHS = (
					"$(inherited)",
					"@executable_path/../Frameworks",
				);
				MACOSX_DEPLOYMENT_TARGET = 10.14;
				MARKETING_VERSION = 1.0;
				OTHER_LDFLAGS = (
					"-framework",
					SafariServices,
					"-framework",
					WebKit,
				);
				PRODUCT_BUNDLE_IDENTIFIER = "com.xxy.Search-Enhancer";
				PRODUCT_NAME = "Search Enhancer";
				SDKROOT = macosx;
				SWIFT_EMIT_LOC_STRINGS = YES;
				SWIFT_VERSION = 5.0;
			};
			name = Debug;
		};
		C2A5524A2D2FA19A00B6507F /* Release */ = {
			isa = XCBuildConfiguration;
			buildSettings = {
				ASSETCATALOG_COMPILER_APPICON_NAME = AppIcon;
				ASSETCATALOG_COMPILER_GLOBAL_ACCENT_COLOR_NAME = AccentColor;
				CODE_SIGN_ENTITLEMENTS = "macOS (App)/Search Enhancer.entitlements";
				CODE_SIGN_STYLE = Automatic;
				CURRENT_PROJECT_VERSION = 1;
				DEVELOPMENT_TEAM = 8N4M7PA2K3;
				ENABLE_HARDENED_RUNTIME = YES;
				GENERATE_INFOPLIST_FILE = YES;
				INFOPLIST_KEY_CFBundleDisplayName = "Search Enhancer";
				INFOPLIST_KEY_NSMainStoryboardFile = Main;
				INFOPLIST_KEY_NSPrincipalClass = NSApplication;
				LD_RUNPATH_SEARCH_PATHS = (
					"$(inherited)",
					"@executable_path/../Frameworks",
				);
				MACOSX_DEPLOYMENT_TARGET = 10.14;
				MARKETING_VERSION = 1.0;
				OTHER_LDFLAGS = (
					"-framework",
					SafariServices,
					"-framework",
					WebKit,
				);
				PRODUCT_BUNDLE_IDENTIFIER = "com.xxy.Search-Enhancer";
				PRODUCT_NAME = "Search Enhancer";
				SDKROOT = macosx;
				SWIFT_EMIT_LOC_STRINGS = YES;
				SWIFT_VERSION = 5.0;
			};
			name = Release;
		};
		C2A5524D2D2FA19A00B6507F /* Debug */ = {
			isa = XCBuildConfiguration;
			buildSettings = {
				ALWAYS_SEARCH_USER_PATHS = NO;
				ASSETCATALOG_COMPILER_GENERATE_SWIFT_ASSET_SYMBOL_EXTENSIONS = YES;
				CLANG_ANALYZER_NONNULL = YES;
				CLANG_ANALYZER_NUMBER_OBJECT_CONVERSION = YES_AGGRESSIVE;
				CLANG_CXX_LANGUAGE_STANDARD = "gnu++20";
				CLANG_ENABLE_MODULES = YES;
				CLANG_ENABLE_OBJC_ARC = YES;
				CLANG_ENABLE_OBJC_WEAK = YES;
				CLANG_WARN_BLOCK_CAPTURE_AUTORELEASING = YES;
				CLANG_WARN_BOOL_CONVERSION = YES;
				CLANG_WARN_COMMA = YES;
				CLANG_WARN_CONSTANT_CONVERSION = YES;
				CLANG_WARN_DEPRECATED_OBJC_IMPLEMENTATIONS = YES;
				CLANG_WARN_DIRECT_OBJC_ISA_USAGE = YES_ERROR;
				CLANG_WARN_DOCUMENTATION_COMMENTS = YES;
				CLANG_WARN_EMPTY_BODY = YES;
				CLANG_WARN_ENUM_CONVERSION = YES;
				CLANG_WARN_INFINITE_RECURSION = YES;
				CLANG_WARN_INT_CONVERSION = YES;
				CLANG_WARN_NON_LITERAL_NULL_CONVERSION = YES;
				CLANG_WARN_OBJC_IMPLICIT_RETAIN_SELF = YES;
				CLANG_WARN_OBJC_LITERAL_CONVERSION = YES;
				CLANG_WARN_OBJC_ROOT_CLASS = YES_ERROR;
				CLANG_WARN_QUOTED_INCLUDE_IN_FRAMEWORK_HEADER = YES;
				CLANG_WARN_RANGE_LOOP_ANALYSIS = YES;
				CLANG_WARN_STRICT_PROTOTYPES = YES;
				CLANG_WARN_SUSPICIOUS_MOVE = YES;
				CLANG_WARN_UNGUARDED_AVAILABILITY = YES_AGGRESSIVE;
				CLANG_WARN_UNREACHABLE_CODE = YES;
				CLANG_WARN__DUPLICATE_METHOD_MATCH = YES;
				COPY_PHASE_STRIP = NO;
				DEBUG_INFORMATION_FORMAT = dwarf;
				ENABLE_STRICT_OBJC_MSGSEND = YES;
				ENABLE_TESTABILITY = YES;
				ENABLE_USER_SCRIPT_SANDBOXING = YES;
				GCC_C_LANGUAGE_STANDARD = gnu17;
				GCC_DYNAMIC_NO_PIC = NO;
				GCC_NO_COMMON_BLOCKS = YES;
				GCC_OPTIMIZATION_LEVEL = 0;
				GCC_PREPROCESSOR_DEFINITIONS = (
					"DEBUG=1",
					"$(inherited)",
				);
				GCC_WARN_64_TO_32_BIT_CONVERSION = YES;
				GCC_WARN_ABOUT_RETURN_TYPE = YES_ERROR;
				GCC_WARN_UNDECLARED_SELECTOR = YES;
				GCC_WARN_UNINITIALIZED_AUTOS = YES_AGGRESSIVE;
				GCC_WARN_UNUSED_FUNCTION = YES;
				GCC_WARN_UNUSED_VARIABLE = YES;
				LOCALIZATION_PREFERS_STRING_CATALOGS = YES;
				MTL_ENABLE_DEBUG_INFO = INCLUDE_SOURCE;
				MTL_FAST_MATH = YES;
				ONLY_ACTIVE_ARCH = YES;
				SWIFT_ACTIVE_COMPILATION_CONDITIONS = "DEBUG $(inherited)";
				SWIFT_OPTIMIZATION_LEVEL = "-Onone";
			};
			name = Debug;
		};
		C2A5524E2D2FA19A00B6507F /* Release */ = {
			isa = XCBuildConfiguration;
			buildSettings = {
				ALWAYS_SEARCH_USER_PATHS = NO;
				ASSETCATALOG_COMPILER_GENERATE_SWIFT_ASSET_SYMBOL_EXTENSIONS = YES;
				CLANG_ANALYZER_NONNULL = YES;
				CLANG_ANALYZER_NUMBER_OBJECT_CONVERSION = YES_AGGRESSIVE;
				CLANG_CXX_LANGUAGE_STANDARD = "gnu++20";
				CLANG_ENABLE_MODULES = YES;
				CLANG_ENABLE_OBJC_ARC = YES;
				CLANG_ENABLE_OBJC_WEAK = YES;
				CLANG_WARN_BLOCK_CAPTURE_AUTORELEASING = YES;
				CLANG_WARN_BOOL_CONVERSION = YES;
				CLANG_WARN_COMMA = YES;
				CLANG_WARN_CONSTANT_CONVERSION = YES;
				CLANG_WARN_DEPRECATED_OBJC_IMPLEMENTATIONS = YES;
				CLANG_WARN_DIRECT_OBJC_ISA_USAGE = YES_ERROR;
				CLANG_WARN_DOCUMENTATION_COMMENTS = YES;
				CLANG_WARN_EMPTY_BODY = YES;
				CLANG_WARN_ENUM_CONVERSION = YES;
				CLANG_WARN_INFINITE_RECURSION = YES;
				CLANG_WARN_INT_CONVERSION = YES;
				CLANG_WARN_NON_LITERAL_NULL_CONVERSION = YES;
				CLANG_WARN_OBJC_IMPLICIT_RETAIN_SELF = YES;
				CLANG_WARN_OBJC_LITERAL_CONVERSION = YES;
				CLANG_WARN_OBJC_ROOT_CLASS = YES_ERROR;
				CLANG_WARN_QUOTED_INCLUDE_IN_FRAMEWORK_HEADER = YES;
				CLANG_WARN_RANGE_LOOP_ANALYSIS = YES;
				CLANG_WARN_STRICT_PROTOTYPES = YES;
				CLANG_WARN_SUSPICIOUS_MOVE = YES;
				CLANG_WARN_UNGUARDED_AVAILABILITY = YES_AGGRESSIVE;
				CLANG_WARN_UNREACHABLE_CODE = YES;
				CLANG_WARN__DUPLICATE_METHOD_MATCH = YES;
				COPY_PHASE_STRIP = NO;
				DEBUG_INFORMATION_FORMAT = "dwarf-with-dsym";
				ENABLE_NS_ASSERTIONS = NO;
				ENABLE_STRICT_OBJC_MSGSEND = YES;
				ENABLE_USER_SCRIPT_SANDBOXING = YES;
				GCC_C_LANGUAGE_STANDARD = gnu17;
				GCC_NO_COMMON_BLOCKS = YES;
				GCC_WARN_64_TO_32_BIT_CONVERSION = YES;
				GCC_WARN_ABOUT_RETURN_TYPE = YES_ERROR;
				GCC_WARN_UNDECLARED_SELECTOR = YES;
				GCC_WARN_UNINITIALIZED_AUTOS = YES_AGGRESSIVE;
				GCC_WARN_UNUSED_FUNCTION = YES;
				GCC_WARN_UNUSED_VARIABLE = YES;
				LOCALIZATION_PREFERS_STRING_CATALOGS = YES;
				MTL_ENABLE_DEBUG_INFO = NO;
				MTL_FAST_MATH = YES;
				SWIFT_COMPILATION_MODE = wholemodule;
			};
			name = Release;
		};
/* End XCBuildConfiguration section */

/* Begin XCConfigurationList section */
		C2A551D22D2FA19900B6507F /* Build configuration list for PBXProject "Search Enhancer" */ = {
			isa = XCConfigurationList;
			buildConfigurations = (
				C2A5524D2D2FA19A00B6507F /* Debug */,
				C2A5524E2D2FA19A00B6507F /* Release */,
			);
			defaultConfigurationIsVisible = 0;
			defaultConfigurationName = Release;
		};
		C2A552392D2FA19A00B6507F /* Build configuration list for PBXNativeTarget "Search Enhancer Extension (iOS)" */ = {
			isa = XCConfigurationList;
			buildConfigurations = (
				C2A5523A2D2FA19A00B6507F /* Debug */,
				C2A5523B2D2FA19A00B6507F /* Release */,
			);
			defaultConfigurationIsVisible = 0;
			defaultConfigurationName = Release;
		};
		C2A5523E2D2FA19A00B6507F /* Build configuration list for PBXNativeTarget "Search Enhancer (iOS)" */ = {
			isa = XCConfigurationList;
			buildConfigurations = (
				C2A5523F2D2FA19A00B6507F /* Debug */,
				C2A552402D2FA19A00B6507F /* Release */,
			);
			defaultConfigurationIsVisible = 0;
			defaultConfigurationName = Release;
		};
		C2A552432D2FA19A00B6507F /* Build configuration list for PBXNativeTarget "Search Enhancer Extension (macOS)" */ = {
			isa = XCConfigurationList;
			buildConfigurations = (
				C2A552442D2FA19A00B6507F /* Debug */,
				C2A552452D2FA19A00B6507F /* Release */,
			);
			defaultConfigurationIsVisible = 0;
			defaultConfigurationName = Release;
		};
		C2A552482D2FA19A00B6507F /* Build configuration list for PBXNativeTarget "Search Enhancer (macOS)" */ = {
			isa = XCConfigurationList;
			buildConfigurations = (
				C2A552492D2FA19A00B6507F /* Debug */,
				C2A5524A2D2FA19A00B6507F /* Release */,
			);
			defaultConfigurationIsVisible = 0;
			defaultConfigurationName = Release;
		};
/* End XCConfigurationList section */
	};
	rootObject = C2A551CF2D2FA19900B6507F /* Project object */;
}
